// !$*UTF8*$!
{
	archiveVersion = 1;
	classes = {
	};
	objectVersion = 50;
	objects = {

/* Begin PBXBuildFile section */
		F9BD8ACF22EE9A87007EC05F /* LongSubNoRepeat.swift in Sources */ = {isa = PBXBuildFile; fileRef = F9BD8ACE22EE9A87007EC05F /* LongSubNoRepeat.swift */; };
		F9E6BBF32397A217001385FC /* Recursive.swift in Sources */ = {isa = PBXBuildFile; fileRef = F9E6BBF22397A217001385FC /* Recursive.swift */; };
		F9F6492322EAEF67000C0DF7 /* AppDelegate.swift in Sources */ = {isa = PBXBuildFile; fileRef = F9F6492222EAEF67000C0DF7 /* AppDelegate.swift */; };
		F9F6492522EAEF67000C0DF7 /* ViewController.swift in Sources */ = {isa = PBXBuildFile; fileRef = F9F6492422EAEF67000C0DF7 /* ViewController.swift */; };
		F9F6492822EAEF67000C0DF7 /* Main.storyboard in Resources */ = {isa = PBXBuildFile; fileRef = F9F6492622EAEF67000C0DF7 /* Main.storyboard */; };
		F9F6492A22EAEF69000C0DF7 /* Assets.xcassets in Resources */ = {isa = PBXBuildFile; fileRef = F9F6492922EAEF69000C0DF7 /* Assets.xcassets */; };
		F9F6492D22EAEF69000C0DF7 /* LaunchScreen.storyboard in Resources */ = {isa = PBXBuildFile; fileRef = F9F6492B22EAEF69000C0DF7 /* LaunchScreen.storyboard */; };
		F9F6493522EAEFE5000C0DF7 /* TwoSum.swift in Sources */ = {isa = PBXBuildFile; fileRef = F9F6493422EAEFE5000C0DF7 /* TwoSum.swift */; };
		F9F6493822EAF80A000C0DF7 /* AddTwoNumbers.swift in Sources */ = {isa = PBXBuildFile; fileRef = F9F6493722EAF80A000C0DF7 /* AddTwoNumbers.swift */; };
		F9FD651023278C740049C3E1 /* LeeCodeTests.swift in Sources */ = {isa = PBXBuildFile; fileRef = F9FD650F23278C740049C3E1 /* LeeCodeTests.swift */; };
		F9FD651E23278D2E0049C3E1 /* LeeCodeUITests.swift in Sources */ = {isa = PBXBuildFile; fileRef = F9FD651D23278D2E0049C3E1 /* LeeCodeUITests.swift */; };
/* End PBXBuildFile section */

/* Begin PBXContainerItemProxy section */
		F9FD651223278C740049C3E1 /* PBXContainerItemProxy */ = {
			isa = PBXContainerItemProxy;
			containerPortal = F9F6491722EAEF67000C0DF7 /* Project object */;
			proxyType = 1;
			remoteGlobalIDString = F9F6491E22EAEF67000C0DF7;
			remoteInfo = LeeCode;
		};
		F9FD652023278D2E0049C3E1 /* PBXContainerItemProxy */ = {
			isa = PBXContainerItemProxy;
			containerPortal = F9F6491722EAEF67000C0DF7 /* Project object */;
			proxyType = 1;
			remoteGlobalIDString = F9F6491E22EAEF67000C0DF7;
			remoteInfo = LeeCode;
		};
/* End PBXContainerItemProxy section */

/* Begin PBXFileReference section */
		F9BD8ACE22EE9A87007EC05F /* LongSubNoRepeat.swift */ = {isa = PBXFileReference; lastKnownFileType = sourcecode.swift; path = LongSubNoRepeat.swift; sourceTree = "<group>"; };
		F9E6BBF22397A217001385FC /* Recursive.swift */ = {isa = PBXFileReference; fileEncoding = 4; lastKnownFileType = sourcecode.swift; path = Recursive.swift; sourceTree = "<group>"; };
		F9F6491F22EAEF67000C0DF7 /* LeeCode.app */ = {isa = PBXFileReference; explicitFileType = wrapper.application; includeInIndex = 0; path = LeeCode.app; sourceTree = BUILT_PRODUCTS_DIR; };
		F9F6492222EAEF67000C0DF7 /* AppDelegate.swift */ = {isa = PBXFileReference; lastKnownFileType = sourcecode.swift; path = AppDelegate.swift; sourceTree = "<group>"; };
		F9F6492422EAEF67000C0DF7 /* ViewController.swift */ = {isa = PBXFileReference; lastKnownFileType = sourcecode.swift; path = ViewController.swift; sourceTree = "<group>"; };
		F9F6492722EAEF67000C0DF7 /* Base */ = {isa = PBXFileReference; lastKnownFileType = file.storyboard; name = Base; path = Base.lproj/Main.storyboard; sourceTree = "<group>"; };
		F9F6492922EAEF69000C0DF7 /* Assets.xcassets */ = {isa = PBXFileReference; lastKnownFileType = folder.assetcatalog; path = Assets.xcassets; sourceTree = "<group>"; };
		F9F6492C22EAEF69000C0DF7 /* Base */ = {isa = PBXFileReference; lastKnownFileType = file.storyboard; name = Base; path = Base.lproj/LaunchScreen.storyboard; sourceTree = "<group>"; };
		F9F6492E22EAEF69000C0DF7 /* Info.plist */ = {isa = PBXFileReference; lastKnownFileType = text.plist.xml; path = Info.plist; sourceTree = "<group>"; };
		F9F6493422EAEFE5000C0DF7 /* TwoSum.swift */ = {isa = PBXFileReference; lastKnownFileType = sourcecode.swift; path = TwoSum.swift; sourceTree = "<group>"; };
		F9F6493722EAF80A000C0DF7 /* AddTwoNumbers.swift */ = {isa = PBXFileReference; lastKnownFileType = sourcecode.swift; path = AddTwoNumbers.swift; sourceTree = "<group>"; };
		F9FD650D23278C740049C3E1 /* LeeCodeTests.xctest */ = {isa = PBXFileReference; explicitFileType = wrapper.cfbundle; includeInIndex = 0; path = LeeCodeTests.xctest; sourceTree = BUILT_PRODUCTS_DIR; };
		F9FD650F23278C740049C3E1 /* LeeCodeTests.swift */ = {isa = PBXFileReference; lastKnownFileType = sourcecode.swift; path = LeeCodeTests.swift; sourceTree = "<group>"; };
		F9FD651123278C740049C3E1 /* Info.plist */ = {isa = PBXFileReference; lastKnownFileType = text.plist.xml; path = Info.plist; sourceTree = "<group>"; };
		F9FD651B23278D2E0049C3E1 /* LeeCodeUITests.xctest */ = {isa = PBXFileReference; explicitFileType = wrapper.cfbundle; includeInIndex = 0; path = LeeCodeUITests.xctest; sourceTree = BUILT_PRODUCTS_DIR; };
		F9FD651D23278D2E0049C3E1 /* LeeCodeUITests.swift */ = {isa = PBXFileReference; lastKnownFileType = sourcecode.swift; path = LeeCodeUITests.swift; sourceTree = "<group>"; };
		F9FD651F23278D2E0049C3E1 /* Info.plist */ = {isa = PBXFileReference; lastKnownFileType = text.plist.xml; path = Info.plist; sourceTree = "<group>"; };
/* End PBXFileReference section */

/* Begin PBXFrameworksBuildPhase section */
		F9F6491C22EAEF67000C0DF7 /* Frameworks */ = {
			isa = PBXFrameworksBuildPhase;
			buildActionMask = 2147483647;
			files = (
			);
			runOnlyForDeploymentPostprocessing = 0;
		};
		F9FD650A23278C740049C3E1 /* Frameworks */ = {
			isa = PBXFrameworksBuildPhase;
			buildActionMask = 2147483647;
			files = (
			);
			runOnlyForDeploymentPostprocessing = 0;
		};
		F9FD651823278D2E0049C3E1 /* Frameworks */ = {
			isa = PBXFrameworksBuildPhase;
			buildActionMask = 2147483647;
			files = (
			);
			runOnlyForDeploymentPostprocessing = 0;
		};
/* End PBXFrameworksBuildPhase section */

/* Begin PBXGroup section */
		F9F6491622EAEF67000C0DF7 = {
			isa = PBXGroup;
			children = (
				F9F6492122EAEF67000C0DF7 /* LeeCode */,
				F9FD650E23278C740049C3E1 /* LeeCodeTests */,
				F9FD651C23278D2E0049C3E1 /* LeeCodeUITests */,
				F9F6492022EAEF67000C0DF7 /* Products */,
			);
			sourceTree = "<group>";
		};
		F9F6492022EAEF67000C0DF7 /* Products */ = {
			isa = PBXGroup;
			children = (
				F9F6491F22EAEF67000C0DF7 /* LeeCode.app */,
				F9FD650D23278C740049C3E1 /* LeeCodeTests.xctest */,
				F9FD651B23278D2E0049C3E1 /* LeeCodeUITests.xctest */,
			);
			name = Products;
			sourceTree = "<group>";
		};
		F9F6492122EAEF67000C0DF7 /* LeeCode */ = {
			isa = PBXGroup;
			children = (
				F9F6492222EAEF67000C0DF7 /* AppDelegate.swift */,
				F9E6BBF22397A217001385FC /* Recursive.swift */,
				F9F6493622EAEFEC000C0DF7 /* All */,
				F9F6492422EAEF67000C0DF7 /* ViewController.swift */,
				F9F6492622EAEF67000C0DF7 /* Main.storyboard */,
				F9F6492922EAEF69000C0DF7 /* Assets.xcassets */,
				F9F6492B22EAEF69000C0DF7 /* LaunchScreen.storyboard */,
				F9F6492E22EAEF69000C0DF7 /* Info.plist */,
			);
			path = LeeCode;
			sourceTree = "<group>";
		};
		F9F6493622EAEFEC000C0DF7 /* All */ = {
			isa = PBXGroup;
			children = (
				F9F6493422EAEFE5000C0DF7 /* TwoSum.swift */,
				F9F6493722EAF80A000C0DF7 /* AddTwoNumbers.swift */,
				F9BD8ACE22EE9A87007EC05F /* LongSubNoRepeat.swift */,
			);
			path = All;
			sourceTree = "<group>";
		};
		F9FD650E23278C740049C3E1 /* LeeCodeTests */ = {
			isa = PBXGroup;
			children = (
				F9FD650F23278C740049C3E1 /* LeeCodeTests.swift */,
				F9FD651123278C740049C3E1 /* Info.plist */,
			);
			path = LeeCodeTests;
			sourceTree = "<group>";
		};
		F9FD651C23278D2E0049C3E1 /* LeeCodeUITests */ = {
			isa = PBXGroup;
			children = (
				F9FD651D23278D2E0049C3E1 /* LeeCodeUITests.swift */,
				F9FD651F23278D2E0049C3E1 /* Info.plist */,
			);
			path = LeeCodeUITests;
			sourceTree = "<group>";
		};
/* End PBXGroup section */

/* Begin PBXNativeTarget section */
		F9F6491E22EAEF67000C0DF7 /* LeeCode */ = {
			isa = PBXNativeTarget;
			buildConfigurationList = F9F6493122EAEF69000C0DF7 /* Build configuration list for PBXNativeTarget "LeeCode" */;
			buildPhases = (
				F9F6491B22EAEF67000C0DF7 /* Sources */,
				F9F6491C22EAEF67000C0DF7 /* Frameworks */,
				F9F6491D22EAEF67000C0DF7 /* Resources */,
			);
			buildRules = (
			);
			dependencies = (
			);
			name = LeeCode;
			productName = LeeCode;
			productReference = F9F6491F22EAEF67000C0DF7 /* LeeCode.app */;
			productType = "com.apple.product-type.application";
		};
		F9FD650C23278C740049C3E1 /* LeeCodeTests */ = {
			isa = PBXNativeTarget;
			buildConfigurationList = F9FD651623278C740049C3E1 /* Build configuration list for PBXNativeTarget "LeeCodeTests" */;
			buildPhases = (
				F9FD650923278C740049C3E1 /* Sources */,
				F9FD650A23278C740049C3E1 /* Frameworks */,
				F9FD650B23278C740049C3E1 /* Resources */,
			);
			buildRules = (
			);
			dependencies = (
				F9FD651323278C740049C3E1 /* PBXTargetDependency */,
			);
			name = LeeCodeTests;
			productName = LeeCodeTests;
			productReference = F9FD650D23278C740049C3E1 /* LeeCodeTests.xctest */;
			productType = "com.apple.product-type.bundle.unit-test";
		};
		F9FD651A23278D2E0049C3E1 /* LeeCodeUITests */ = {
			isa = PBXNativeTarget;
			buildConfigurationList = F9FD652223278D2E0049C3E1 /* Build configuration list for PBXNativeTarget "LeeCodeUITests" */;
			buildPhases = (
				F9FD651723278D2E0049C3E1 /* Sources */,
				F9FD651823278D2E0049C3E1 /* Frameworks */,
				F9FD651923278D2E0049C3E1 /* Resources */,
			);
			buildRules = (
			);
			dependencies = (
				F9FD652123278D2E0049C3E1 /* PBXTargetDependency */,
			);
			name = LeeCodeUITests;
			productName = LeeCodeUITests;
			productReference = F9FD651B23278D2E0049C3E1 /* LeeCodeUITests.xctest */;
			productType = "com.apple.product-type.bundle.ui-testing";
		};
/* End PBXNativeTarget section */

/* Begin PBXProject section */
		F9F6491722EAEF67000C0DF7 /* Project object */ = {
			isa = PBXProject;
			attributes = {
				LastSwiftUpdateCheck = 1030;
				LastUpgradeCheck = 1030;
				ORGANIZATIONNAME = DKY;
				TargetAttributes = {
					F9F6491E22EAEF67000C0DF7 = {
						CreatedOnToolsVersion = 10.3;
					};
					F9FD650C23278C740049C3E1 = {
						CreatedOnToolsVersion = 10.3;
						TestTargetID = F9F6491E22EAEF67000C0DF7;
					};
					F9FD651A23278D2E0049C3E1 = {
						CreatedOnToolsVersion = 10.3;
						TestTargetID = F9F6491E22EAEF67000C0DF7;
					};
				};
			};
			buildConfigurationList = F9F6491A22EAEF67000C0DF7 /* Build configuration list for PBXProject "LeeCode" */;
			compatibilityVersion = "Xcode 9.3";
			developmentRegion = en;
			hasScannedForEncodings = 0;
			knownRegions = (
				en,
				Base,
			);
			mainGroup = F9F6491622EAEF67000C0DF7;
			productRefGroup = F9F6492022EAEF67000C0DF7 /* Products */;
			projectDirPath = "";
			projectRoot = "";
			targets = (
				F9F6491E22EAEF67000C0DF7 /* LeeCode */,
				F9FD650C23278C740049C3E1 /* LeeCodeTests */,
				F9FD651A23278D2E0049C3E1 /* LeeCodeUITests */,
			);
		};
/* End PBXProject section */

/* Begin PBXResourcesBuildPhase section */
		F9F6491D22EAEF67000C0DF7 /* Resources */ = {
			isa = PBXResourcesBuildPhase;
			buildActionMask = 2147483647;
			files = (
				F9F6492D22EAEF69000C0DF7 /* LaunchScreen.storyboard in Resources */,
				F9F6492A22EAEF69000C0DF7 /* Assets.xcassets in Resources */,
				F9F6492822EAEF67000C0DF7 /* Main.storyboard in Resources */,
			);
			runOnlyForDeploymentPostprocessing = 0;
		};
		F9FD650B23278C740049C3E1 /* Resources */ = {
			isa = PBXResourcesBuildPhase;
			buildActionMask = 2147483647;
			files = (
			);
			runOnlyForDeploymentPostprocessing = 0;
		};
		F9FD651923278D2E0049C3E1 /* Resources */ = {
			isa = PBXResourcesBuildPhase;
			buildActionMask = 2147483647;
			files = (
			);
			runOnlyForDeploymentPostprocessing = 0;
		};
/* End PBXResourcesBuildPhase section */

/* Begin PBXSourcesBuildPhase section */
		F9F6491B22EAEF67000C0DF7 /* Sources */ = {
			isa = PBXSourcesBuildPhase;
			buildActionMask = 2147483647;
			files = (
				F9E6BBF32397A217001385FC /* Recursive.swift in Sources */,
				F9F6492522EAEF67000C0DF7 /* ViewController.swift in Sources */,
				F9F6493822EAF80A000C0DF7 /* AddTwoNumbers.swift in Sources */,
				F9BD8ACF22EE9A87007EC05F /* LongSubNoRepeat.swift in Sources */,
				F9F6492322EAEF67000C0DF7 /* AppDelegate.swift in Sources */,
				F9F6493522EAEFE5000C0DF7 /* TwoSum.swift in Sources */,
			);
			runOnlyForDeploymentPostprocessing = 0;
		};
		F9FD650923278C740049C3E1 /* Sources */ = {
			isa = PBXSourcesBuildPhase;
			buildActionMask = 2147483647;
			files = (
				F9FD651023278C740049C3E1 /* LeeCodeTests.swift in Sources */,
			);
			runOnlyForDeploymentPostprocessing = 0;
		};
		F9FD651723278D2E0049C3E1 /* Sources */ = {
			isa = PBXSourcesBuildPhase;
			buildActionMask = 2147483647;
			files = (
				F9FD651E23278D2E0049C3E1 /* LeeCodeUITests.swift in Sources */,
			);
			runOnlyForDeploymentPostprocessing = 0;
		};
/* End PBXSourcesBuildPhase section */

/* Begin PBXTargetDependency section */
		F9FD651323278C740049C3E1 /* PBXTargetDependency */ = {
			isa = PBXTargetDependency;
			target = F9F6491E22EAEF67000C0DF7 /* LeeCode */;
			targetProxy = F9FD651223278C740049C3E1 /* PBXContainerItemProxy */;
		};
		F9FD652123278D2E0049C3E1 /* PBXTargetDependency */ = {
			isa = PBXTargetDependency;
			target = F9F6491E22EAEF67000C0DF7 /* LeeCode */;
			targetProxy = F9FD652023278D2E0049C3E1 /* PBXContainerItemProxy */;
		};
/* End PBXTargetDependency section */

/* Begin PBXVariantGroup section */
		F9F6492622EAEF67000C0DF7 /* Main.storyboard */ = {
			isa = PBXVariantGroup;
			children = (
				F9F6492722EAEF67000C0DF7 /* Base */,
			);
			name = Main.storyboard;
			sourceTree = "<group>";
		};
		F9F6492B22EAEF69000C0DF7 /* LaunchScreen.storyboard */ = {
			isa = PBXVariantGroup;
			children = (
				F9F6492C22EAEF69000C0DF7 /* Base */,
			);
			name = LaunchScreen.storyboard;
			sourceTree = "<group>";
		};
/* End PBXVariantGroup section */

/* Begin XCBuildConfiguration section */
		F9F6492F22EAEF69000C0DF7 /* Debug */ = {
			isa = XCBuildConfiguration;
			buildSettings = {
				ALWAYS_SEARCH_USER_PATHS = NO;
				CLANG_ANALYZER_NONNULL = YES;
				CLANG_ANALYZER_NUMBER_OBJECT_CONVERSION = YES_AGGRESSIVE;
				CLANG_CXX_LANGUAGE_STANDARD = "gnu++14";
				CLANG_CXX_LIBRARY = "libc++";
				CLANG_ENABLE_MODULES = YES;
				CLANG_ENABLE_OBJC_ARC = YES;
				CLANG_ENABLE_OBJC_WEAK = YES;
				CLANG_WARN_BLOCK_CAPTURE_AUTORELEASING = YES;
				CLANG_WARN_BOOL_CONVERSION = YES;
				CLANG_WARN_COMMA = YES;
				CLANG_WARN_CONSTANT_CONVERSION = YES;
				CLANG_WARN_DEPRECATED_OBJC_IMPLEMENTATIONS = YES;
				CLANG_WARN_DIRECT_OBJC_ISA_USAGE = YES_ERROR;
				CLANG_WARN_DOCUMENTATION_COMMENTS = YES;
				CLANG_WARN_EMPTY_BODY = YES;
				CLANG_WARN_ENUM_CONVERSION = YES;
				CLANG_WARN_INFINITE_RECURSION = YES;
				CLANG_WARN_INT_CONVERSION = YES;
				CLANG_WARN_NON_LITERAL_NULL_CONVERSION = YES;
				CLANG_WARN_OBJC_IMPLICIT_RETAIN_SELF = YES;
				CLANG_WARN_OBJC_LITERAL_CONVERSION = YES;
				CLANG_WARN_OBJC_ROOT_CLASS = YES_ERROR;
				CLANG_WARN_RANGE_LOOP_ANALYSIS = YES;
				CLANG_WARN_STRICT_PROTOTYPES = YES;
				CLANG_WARN_SUSPICIOUS_MOVE = YES;
				CLANG_WARN_UNGUARDED_AVAILABILITY = YES_AGGRESSIVE;
				CLANG_WARN_UNREACHABLE_CODE = YES;
				CLANG_WARN__DUPLICATE_METHOD_MATCH = YES;
				CODE_SIGN_IDENTITY = "iPhone Developer";
				COPY_PHASE_STRIP = NO;
				DEBUG_INFORMATION_FORMAT = dwarf;
				ENABLE_STRICT_OBJC_MSGSEND = YES;
				ENABLE_TESTABILITY = YES;
				GCC_C_LANGUAGE_STANDARD = gnu11;
				GCC_DYNAMIC_NO_PIC = NO;
				GCC_NO_COMMON_BLOCKS = YES;
				GCC_OPTIMIZATION_LEVEL = 0;
				GCC_PREPROCESSOR_DEFINITIONS = (
					"DEBUG=1",
					"$(inherited)",
				);
				GCC_WARN_64_TO_32_BIT_CONVERSION = YES;
				GCC_WARN_ABOUT_RETURN_TYPE = YES_ERROR;
				GCC_WARN_UNDECLARED_SELECTOR = YES;
				GCC_WARN_UNINITIALIZED_AUTOS = YES_AGGRESSIVE;
				GCC_WARN_UNUSED_FUNCTION = YES;
				GCC_WARN_UNUSED_VARIABLE = YES;
				IPHONEOS_DEPLOYMENT_TARGET = 12.4;
				MTL_ENABLE_DEBUG_INFO = INCLUDE_SOURCE;
				MTL_FAST_MATH = YES;
				ONLY_ACTIVE_ARCH = YES;
				SDKROOT = iphoneos;
				SWIFT_ACTIVE_COMPILATION_CONDITIONS = DEBUG;
				SWIFT_OPTIMIZATION_LEVEL = "-Onone";
			};
			name = Debug;
		};
		F9F6493022EAEF69000C0DF7 /* Release */ = {
			isa = XCBuildConfiguration;
			buildSettings = {
				ALWAYS_SEARCH_USER_PATHS = NO;
				CLANG_ANALYZER_NONNULL = YES;
				CLANG_ANALYZER_NUMBER_OBJECT_CONVERSION = YES_AGGRESSIVE;
				CLANG_CXX_LANGUAGE_STANDARD = "gnu++14";
				CLANG_CXX_LIBRARY = "libc++";
				CLANG_ENABLE_MODULES = YES;
				CLANG_ENABLE_OBJC_ARC = YES;
				CLANG_ENABLE_OBJC_WEAK = YES;
				CLANG_WARN_BLOCK_CAPTURE_AUTORELEASING = YES;
				CLANG_WARN_BOOL_CONVERSION = YES;
				CLANG_WARN_COMMA = YES;
				CLANG_WARN_CONSTANT_CONVERSION = YES;
				CLANG_WARN_DEPRECATED_OBJC_IMPLEMENTATIONS = YES;
				CLANG_WARN_DIRECT_OBJC_ISA_USAGE = YES_ERROR;
				CLANG_WARN_DOCUMENTATION_COMMENTS = YES;
				CLANG_WARN_EMPTY_BODY = YES;
				CLANG_WARN_ENUM_CONVERSION = YES;
				CLANG_WARN_INFINITE_RECURSION = YES;
				CLANG_WARN_INT_CONVERSION = YES;
				CLANG_WARN_NON_LITERAL_NULL_CONVERSION = YES;
				CLANG_WARN_OBJC_IMPLICIT_RETAIN_SELF = YES;
				CLANG_WARN_OBJC_LITERAL_CONVERSION = YES;
				CLANG_WARN_OBJC_ROOT_CLASS = YES_ERROR;
				CLANG_WARN_RANGE_LOOP_ANALYSIS = YES;
				CLANG_WARN_STRICT_PROTOTYPES = YES;
				CLANG_WARN_SUSPICIOUS_MOVE = YES;
				CLANG_WARN_UNGUARDED_AVAILABILITY = YES_AGGRESSIVE;
				CLANG_WARN_UNREACHABLE_CODE = YES;
				CLANG_WARN__DUPLICATE_METHOD_MATCH = YES;
				CODE_SIGN_IDENTITY = "iPhone Developer";
				COPY_PHASE_STRIP = NO;
				DEBUG_INFORMATION_FORMAT = "dwarf-with-dsym";
				ENABLE_NS_ASSERTIONS = NO;
				ENABLE_STRICT_OBJC_MSGSEND = YES;
				GCC_C_LANGUAGE_STANDARD = gnu11;
				GCC_NO_COMMON_BLOCKS = YES;
				GCC_WARN_64_TO_32_BIT_CONVERSION = YES;
				GCC_WARN_ABOUT_RETURN_TYPE = YES_ERROR;
				GCC_WARN_UNDECLARED_SELECTOR = YES;
				GCC_WARN_UNINITIALIZED_AUTOS = YES_AGGRESSIVE;
				GCC_WARN_UNUSED_FUNCTION = YES;
				GCC_WARN_UNUSED_VARIABLE = YES;
				IPHONEOS_DEPLOYMENT_TARGET = 12.4;
				MTL_ENABLE_DEBUG_INFO = NO;
				MTL_FAST_MATH = YES;
				SDKROOT = iphoneos;
				SWIFT_COMPILATION_MODE = wholemodule;
				SWIFT_OPTIMIZATION_LEVEL = "-O";
				VALIDATE_PRODUCT = YES;
			};
			name = Release;
		};
		F9F6493222EAEF69000C0DF7 /* Debug */ = {
			isa = XCBuildConfiguration;
			buildSettings = {
				ASSETCATALOG_COMPILER_APPICON_NAME = AppIcon;
				CODE_SIGN_STYLE = Manual;
				DEVELOPMENT_TEAM = QP9VZR24AL;
				INFOPLIST_FILE = LeeCode/Info.plist;
				LD_RUNPATH_SEARCH_PATHS = (
					"$(inherited)",
					"@executable_path/Frameworks",
				);
				PRODUCT_BUNDLE_IDENTIFIER = com.TrollpoeMarvin.LeeCode;
				PRODUCT_NAME = "$(TARGET_NAME)";
				PROVISIONING_PROFILE_SPECIFIER = "Wildcard-DEV";
				SWIFT_VERSION = 5.0;
				TARGETED_DEVICE_FAMILY = "1,2";
			};
			name = Debug;
		};
		F9F6493322EAEF69000C0DF7 /* Release */ = {
			isa = XCBuildConfiguration;
			buildSettings = {
				ASSETCATALOG_COMPILER_APPICON_NAME = AppIcon;
				CODE_SIGN_IDENTITY = "iPhone Distribution";
				CODE_SIGN_STYLE = Manual;
				DEVELOPMENT_TEAM = QP9VZR24AL;
				INFOPLIST_FILE = LeeCode/Info.plist;
				LD_RUNPATH_SEARCH_PATHS = (
					"$(inherited)",
					"@executable_path/Frameworks",
				);
				PRODUCT_BUNDLE_IDENTIFIER = com.TrollpoeMarvin.LeeCode;
				PRODUCT_NAME = "$(TARGET_NAME)";
				PROVISIONING_PROFILE_SPECIFIER = "Wildcard-ADH";
				SWIFT_VERSION = 5.0;
				TARGETED_DEVICE_FAMILY = "1,2";
			};
			name = Release;
		};
		F9FD651423278C740049C3E1 /* Debug */ = {
			isa = XCBuildConfiguration;
			buildSettings = {
				BUNDLE_LOADER = "$(TEST_HOST)";
				CODE_SIGN_STYLE = Manual;
				DEVELOPMENT_TEAM = QP9VZR24AL;
				INFOPLIST_FILE = LeeCodeTests/Info.plist;
				LD_RUNPATH_SEARCH_PATHS = (
					"$(inherited)",
					"@executable_path/Frameworks",
					"@loader_path/Frameworks",
				);
				PRODUCT_BUNDLE_IDENTIFIER = com.TrollpoeMarvin.LeeCodeTests;
				PRODUCT_NAME = "$(TARGET_NAME)";
				PROVISIONING_PROFILE_SPECIFIER = "";
				SWIFT_VERSION = 5.0;
				TARGETED_DEVICE_FAMILY = "1,2";
				TEST_HOST = "$(BUILT_PRODUCTS_DIR)/LeeCode.app/LeeCode";
			};
			name = Debug;
		};
		F9FD651523278C740049C3E1 /* Release */ = {
			isa = XCBuildConfiguration;
			buildSettings = {
				BUNDLE_LOADER = "$(TEST_HOST)";
				CODE_SIGN_STYLE = Manual;
				DEVELOPMENT_TEAM = QP9VZR24AL;
				INFOPLIST_FILE = LeeCodeTests/Info.plist;
				LD_RUNPATH_SEARCH_PATHS = (
					"$(inherited)",
					"@executable_path/Frameworks",
					"@loader_path/Frameworks",
				);
				PRODUCT_BUNDLE_IDENTIFIER = com.TrollpoeMarvin.LeeCodeTests;
				PRODUCT_NAME = "$(TARGET_NAME)";
				PROVISIONING_PROFILE_SPECIFIER = "";
				SWIFT_VERSION = 5.0;
				TARGETED_DEVICE_FAMILY = "1,2";
				TEST_HOST = "$(BUILT_PRODUCTS_DIR)/LeeCode.app/LeeCode";
			};
			name = Release;
		};
		F9FD652323278D2E0049C3E1 /* Debug */ = {
			isa = XCBuildConfiguration;
			buildSettings = {
				CODE_SIGN_STYLE = Automatic;
				DEVELOPMENT_TEAM = QP9VZR24AL;
				INFOPLIST_FILE = LeeCodeUITests/Info.plist;
				LD_RUNPATH_SEARCH_PATHS = (
					"$(inherited)",
					"@executable_path/Frameworks",
					"@loader_path/Frameworks",
				);
				PRODUCT_BUNDLE_IDENTIFIER = com.TrollpoeMarvin.LeeCodeUITests;
				PRODUCT_NAME = "$(TARGET_NAME)";
				SWIFT_VERSION = 5.0;
				TARGETED_DEVICE_FAMILY = "1,2";
				TEST_TARGET_NAME = LeeCode;
			};
			name = Debug;
		};
		F9FD652423278D2E0049C3E1 /* Release */ = {
			isa = XCBuildConfiguration;
			buildSettings = {
				CODE_SIGN_STYLE = Automatic;
				DEVELOPMENT_TEAM = QP9VZR24AL;
				INFOPLIST_FILE = LeeCodeUITests/Info.plist;
				LD_RUNPATH_SEARCH_PATHS = (
					"$(inherited)",
					"@executable_path/Frameworks",
					"@loader_path/Frameworks",
				);
				PRODUCT_BUNDLE_IDENTIFIER = com.TrollpoeMarvin.LeeCodeUITests;
				PRODUCT_NAME = "$(TARGET_NAME)";
				SWIFT_VERSION = 5.0;
				TARGETED_DEVICE_FAMILY = "1,2";
				TEST_TARGET_NAME = LeeCode;
			};
			name = Release;
		};
/* End XCBuildConfiguration section */

/* Begin XCConfigurationList section */
		F9F6491A22EAEF67000C0DF7 /* Build configuration list for PBXProject "LeeCode" */ = {
			isa = XCConfigurationList;
			buildConfigurations = (
				F9F6492F22EAEF69000C0DF7 /* Debug */,
				F9F6493022EAEF69000C0DF7 /* Release */,
			);
			defaultConfigurationIsVisible = 0;
			defaultConfigurationName = Release;
		};
		F9F6493122EAEF69000C0DF7 /* Build configuration list for PBXNativeTarget "LeeCode" */ = {
			isa = XCConfigurationList;
			buildConfigurations = (
				F9F6493222EAEF69000C0DF7 /* Debug */,
				F9F6493322EAEF69000C0DF7 /* Release */,
			);
			defaultConfigurationIsVisible = 0;
			defaultConfigurationName = Release;
		};
		F9FD651623278C740049C3E1 /* Build configuration list for PBXNativeTarget "LeeCodeTests" */ = {
			isa = XCConfigurationList;
			buildConfigurations = (
				F9FD651423278C740049C3E1 /* Debug */,
				F9FD651523278C740049C3E1 /* Release */,
			);
			defaultConfigurationIsVisible = 0;
			defaultConfigurationName = Release;
		};
		F9FD652223278D2E0049C3E1 /* Build configuration list for PBXNativeTarget "LeeCodeUITests" */ = {
			isa = XCConfigurationList;
			buildConfigurations = (
				F9FD652323278D2E0049C3E1 /* Debug */,
				F9FD652423278D2E0049C3E1 /* Release */,
			);
			defaultConfigurationIsVisible = 0;
			defaultConfigurationName = Release;
		};
/* End XCConfigurationList section */
	};
	rootObject = F9F6491722EAEF67000C0DF7 /* Project object */;
}
